{
  "version": 1,
  "dependencies": {
    "net10.0": {
      "Godot.SourceGenerators": {
        "type": "Direct",
        "requested": "[4.7.2, )",
        "resolved": "4.7.2",
        "contentHash": "D7KJ3HEOZl4ofs2ee/nqYgbh00Ui6aGETuhJegmFQWJH0Jtdrk9YG8Dh9litInbq7aK0QlaB1RY9e5ypiT7BdA=="
      },
      "GodotSharp": {
        "type": "Direct",
        "requested": "[4.7.2, )",
        "resolved": "4.7.2",
        "contentHash": "DJzVieMI2VuqCTOZWVz5MOZ0JPcDpfFGDKxDD60rUvv+xUN1uyXOMgoqp2oDJ7RGsHnseFkmAwzOWqg8vT/1lA=="
      },
      "GodotSharpEditor": {
        "type": "Direct",
        "requested": "[4.7.2, )",
        "resolved": "4.7.2",
        "contentHash": "iHI2szPpaAUKYtbtMcQA6kyQ1ZQJNbBjyKdY/rIIS61R6Qc7dy14lqj2+/DzbSV0LMTup9E6cDdgiTqLk/sQww==",
        "dependencies": {
          "GodotSharp": "4.7.2"
        }
      },
      "whatyoucarry.assets": {
        "type": "Project",
        "dependencies": {
          "WhatYouCarry.Core": "[1.0.0, )"
        }
      },
      "whatyoucarry.core": {
        "type": "Project"
      }
    }
  }
}